
Microsoft Visual Studio Solution File, Format Version 12.00
# Visual Studio Version 17
VisualStudioVersion = 17.0.31903.59
MinimumVisualStudioVersion = 10.0.40219.1
Project("{2150E333-8FDC-42A3-9474-1A3956D46DE8}") = "src", "src", "{9E2D22F2-6137-43B0-BA71-AB4D1956AF31}"
EndProject
Project("{FAE04EC0-301F-11D3-BF4B-00C04F79EFBC}") = "TodoApplication.API", "src\TodoApplication.API\TodoApplication.API.csproj", "{666D9407-6053-4E0E-A916-FD74120BBF5F}"
EndProject
Global
	GlobalSection(SolutionConfigurationPlatforms) = preSolution
		Debug|Any CPU = Debug|Any CPU
		Release|Any CPU = Release|Any CPU
	EndGlobalSection
	GlobalSection(SolutionProperties) = preSolution
		HideSolutionNode = FALSE
	EndGlobalSection
	GlobalSection(ProjectConfigurationPlatforms) = postSolution
		{666D9407-6053-4E0E-A916-FD74120BBF5F}.Debug|Any CPU.ActiveCfg = Debug|Any CPU
		{666D9407-6053-4E0E-A916-FD74120BBF5F}.Debug|Any CPU.Build.0 = Debug|Any CPU
		{666D9407-6053-4E0E-A916-FD74120BBF5F}.Release|Any CPU.ActiveCfg = Release|Any CPU
		{666D9407-6053-4E0E-A916-FD74120BBF5F}.Release|Any CPU.Build.0 = Release|Any CPU
	EndGlobalSection
	GlobalSection(NestedProjects) = preSolution
		{666D9407-6053-4E0E-A916-FD74120BBF5F} = {9E2D22F2-6137-43B0-BA71-AB4D1956AF31}
	EndGlobalSection
EndGlobal
