
Microsoft Visual Studio Solution File, Format Version 12.00
# Visual Studio Version 17
VisualStudioVersion = 17.0.31903.59
MinimumVisualStudioVersion = 10.0.40219.1
Project("{2150E333-8FDC-42A3-9474-1A3956D46DE8}") = "src", "src", "{9E2D22F2-6137-43B0-BA71-AB4D1956AF31}"
EndProject
Project("{9A19103F-16F7-4668-BE54-9A1E7A4F7556}") = "TodoApplication.API", "src\TodoApplication.API\TodoApplication.API.csproj", "{666D9407-6053-4E0E-A916-FD74120BBF5F}"
EndProject
Project("{E53339B2-1760-4266-BCC7-CA923CBCF16C}") = "docker-compose", "docker-compose.dcproj", "{2B56C122-D913-481D-8C64-C9177C269B33}"
EndProject
Project("{9A19103F-16F7-4668-BE54-9A1E7A4F7556}") = "Application", "src\Application\Application.csproj", "{A4A2B43F-3AED-474C-9C49-C206789A100E}"
EndProject
Project("{9A19103F-16F7-4668-BE54-9A1E7A4F7556}") = "Domain", "src\Domain\Domain.csproj", "{1E40A383-60AF-4103-A983-8D1A76820EB4}"
EndProject
Project("{9A19103F-16F7-4668-BE54-9A1E7A4F7556}") = "Persistence", "src\Persistence\Persistence.csproj", "{DA8D7C70-B86D-44E6-BFD1-A4E64BDD0D56}"
EndProject
Project("{9A19103F-16F7-4668-BE54-9A1E7A4F7556}") = "Presentation", "src\Presentation\Presentation.csproj", "{7B2EF681-31FE-4BF6-8D5F-2BF9EA97A30B}"
EndProject
Project("{9A19103F-16F7-4668-BE54-9A1E7A4F7556}") = "SharedKernel", "src\SharedKernel\SharedKernel.csproj", "{9CCFC2A9-47DD-4DAB-B3AC-8BCC669A86E0}"
EndProject
Project("{FAE04EC0-301F-11D3-BF4B-00C04F79EFBC}") = "TodoApplication.DbMigrations", "src\TodoApplication.DbMigrations\TodoApplication.DbMigrations.csproj", "{A775DFFE-69F2-426F-B0DE-2DFC7C9BC370}"
EndProject
Global
	GlobalSection(SolutionConfigurationPlatforms) = preSolution
		Debug|Any CPU = Debug|Any CPU
		Release|Any CPU = Release|Any CPU
	EndGlobalSection
	GlobalSection(ProjectConfigurationPlatforms) = postSolution
		{666D9407-6053-4E0E-A916-FD74120BBF5F}.Debug|Any CPU.ActiveCfg = Debug|Any CPU
		{666D9407-6053-4E0E-A916-FD74120BBF5F}.Debug|Any CPU.Build.0 = Debug|Any CPU
		{666D9407-6053-4E0E-A916-FD74120BBF5F}.Release|Any CPU.ActiveCfg = Release|Any CPU
		{666D9407-6053-4E0E-A916-FD74120BBF5F}.Release|Any CPU.Build.0 = Release|Any CPU
		{2B56C122-D913-481D-8C64-C9177C269B33}.Debug|Any CPU.ActiveCfg = Debug|Any CPU
		{2B56C122-D913-481D-8C64-C9177C269B33}.Debug|Any CPU.Build.0 = Debug|Any CPU
		{2B56C122-D913-481D-8C64-C9177C269B33}.Release|Any CPU.ActiveCfg = Release|Any CPU
		{2B56C122-D913-481D-8C64-C9177C269B33}.Release|Any CPU.Build.0 = Release|Any CPU
		{A4A2B43F-3AED-474C-9C49-C206789A100E}.Debug|Any CPU.ActiveCfg = Debug|Any CPU
		{A4A2B43F-3AED-474C-9C49-C206789A100E}.Debug|Any CPU.Build.0 = Debug|Any CPU
		{A4A2B43F-3AED-474C-9C49-C206789A100E}.Release|Any CPU.ActiveCfg = Release|Any CPU
		{A4A2B43F-3AED-474C-9C49-C206789A100E}.Release|Any CPU.Build.0 = Release|Any CPU
		{1E40A383-60AF-4103-A983-8D1A76820EB4}.Debug|Any CPU.ActiveCfg = Debug|Any CPU
		{1E40A383-60AF-4103-A983-8D1A76820EB4}.Debug|Any CPU.Build.0 = Debug|Any CPU
		{1E40A383-60AF-4103-A983-8D1A76820EB4}.Release|Any CPU.ActiveCfg = Release|Any CPU
		{1E40A383-60AF-4103-A983-8D1A76820EB4}.Release|Any CPU.Build.0 = Release|Any CPU
		{DA8D7C70-B86D-44E6-BFD1-A4E64BDD0D56}.Debug|Any CPU.ActiveCfg = Debug|Any CPU
		{DA8D7C70-B86D-44E6-BFD1-A4E64BDD0D56}.Debug|Any CPU.Build.0 = Debug|Any CPU
		{DA8D7C70-B86D-44E6-BFD1-A4E64BDD0D56}.Release|Any CPU.ActiveCfg = Release|Any CPU
		{DA8D7C70-B86D-44E6-BFD1-A4E64BDD0D56}.Release|Any CPU.Build.0 = Release|Any CPU
		{7B2EF681-31FE-4BF6-8D5F-2BF9EA97A30B}.Debug|Any CPU.ActiveCfg = Debug|Any CPU
		{7B2EF681-31FE-4BF6-8D5F-2BF9EA97A30B}.Debug|Any CPU.Build.0 = Debug|Any CPU
		{7B2EF681-31FE-4BF6-8D5F-2BF9EA97A30B}.Release|Any CPU.ActiveCfg = Release|Any CPU
		{7B2EF681-31FE-4BF6-8D5F-2BF9EA97A30B}.Release|Any CPU.Build.0 = Release|Any CPU
		{9CCFC2A9-47DD-4DAB-B3AC-8BCC669A86E0}.Debug|Any CPU.ActiveCfg = Debug|Any CPU
		{9CCFC2A9-47DD-4DAB-B3AC-8BCC669A86E0}.Debug|Any CPU.Build.0 = Debug|Any CPU
		{9CCFC2A9-47DD-4DAB-B3AC-8BCC669A86E0}.Release|Any CPU.ActiveCfg = Release|Any CPU
		{9CCFC2A9-47DD-4DAB-B3AC-8BCC669A86E0}.Release|Any CPU.Build.0 = Release|Any CPU
		{A775DFFE-69F2-426F-B0DE-2DFC7C9BC370}.Debug|Any CPU.ActiveCfg = Debug|Any CPU
		{A775DFFE-69F2-426F-B0DE-2DFC7C9BC370}.Debug|Any CPU.Build.0 = Debug|Any CPU
		{A775DFFE-69F2-426F-B0DE-2DFC7C9BC370}.Release|Any CPU.ActiveCfg = Release|Any CPU
		{A775DFFE-69F2-426F-B0DE-2DFC7C9BC370}.Release|Any CPU.Build.0 = Release|Any CPU
	EndGlobalSection
	GlobalSection(SolutionProperties) = preSolution
		HideSolutionNode = FALSE
	EndGlobalSection
	GlobalSection(NestedProjects) = preSolution
		{666D9407-6053-4E0E-A916-FD74120BBF5F} = {9E2D22F2-6137-43B0-BA71-AB4D1956AF31}
		{A4A2B43F-3AED-474C-9C49-C206789A100E} = {9E2D22F2-6137-43B0-BA71-AB4D1956AF31}
		{1E40A383-60AF-4103-A983-8D1A76820EB4} = {9E2D22F2-6137-43B0-BA71-AB4D1956AF31}
		{DA8D7C70-B86D-44E6-BFD1-A4E64BDD0D56} = {9E2D22F2-6137-43B0-BA71-AB4D1956AF31}
		{7B2EF681-31FE-4BF6-8D5F-2BF9EA97A30B} = {9E2D22F2-6137-43B0-BA71-AB4D1956AF31}
		{9CCFC2A9-47DD-4DAB-B3AC-8BCC669A86E0} = {9E2D22F2-6137-43B0-BA71-AB4D1956AF31}
		{A775DFFE-69F2-426F-B0DE-2DFC7C9BC370} = {9E2D22F2-6137-43B0-BA71-AB4D1956AF31}
	EndGlobalSection
	GlobalSection(ExtensibilityGlobals) = postSolution
		SolutionGuid = {7BF61801-31CB-459F-B454-B6FDED0BCDE8}
	EndGlobalSection
EndGlobal
